
Microsoft Visual Studio Solution File, Format Version 12.00
# Visual Studio Version 17
VisualStudioVersion = 17.14.36623.8 d17.14
MinimumVisualStudioVersion = 10.0.40219.1
Project("{FAE04EC0-301F-11D3-BF4B-00C04F79EFBC}") = "Food.Assistant.Api", "Food.Assistant.Api\Food.Assistant.Api.csproj", "{DC412F05-F589-4278-AFCD-639D4E3FD77B}"
EndProject
Project("{FAE04EC0-301F-11D3-BF4B-00C04F79EFBC}") = "Food.Assistant.Core", "Food.Assistant.Core\Food.Assistant.Core.csproj", "{E70618BE-025E-4CA5-81DD-C22985A5B0B1}"
EndProject
Project("{FAE04EC0-301F-11D3-BF4B-00C04F79EFBC}") = "Food.Assistant.Infrastructure", "Food.Assistant.Infrastructure\Food.Assistant.Infrastructure.csproj", "{3DAC0A41-B420-4A3C-86DF-B37EF64A8576}"
EndProject
Global
	GlobalSection(SolutionConfigurationPlatforms) = preSolution
		Debug|Any CPU = Debug|Any CPU
		Release|Any CPU = Release|Any CPU
	EndGlobalSection
	GlobalSection(ProjectConfigurationPlatforms) = postSolution
		{DC412F05-F589-4278-AFCD-639D4E3FD77B}.Debug|Any CPU.ActiveCfg = Debug|Any CPU
		{DC412F05-F589-4278-AFCD-639D4E3FD77B}.Debug|Any CPU.Build.0 = Debug|Any CPU
		{DC412F05-F589-4278-AFCD-639D4E3FD77B}.Release|Any CPU.ActiveCfg = Release|Any CPU
		{DC412F05-F589-4278-AFCD-639D4E3FD77B}.Release|Any CPU.Build.0 = Release|Any CPU
		{E70618BE-025E-4CA5-81DD-C22985A5B0B1}.Debug|Any CPU.ActiveCfg = Debug|Any CPU
		{E70618BE-025E-4CA5-81DD-C22985A5B0B1}.Debug|Any CPU.Build.0 = Debug|Any CPU
		{E70618BE-025E-4CA5-81DD-C22985A5B0B1}.Release|Any CPU.ActiveCfg = Release|Any CPU
		{E70618BE-025E-4CA5-81DD-C22985A5B0B1}.Release|Any CPU.Build.0 = Release|Any CPU
		{3DAC0A41-B420-4A3C-86DF-B37EF64A8576}.Debug|Any CPU.ActiveCfg = Debug|Any CPU
		{3DAC0A41-B420-4A3C-86DF-B37EF64A8576}.Debug|Any CPU.Build.0 = Debug|Any CPU
		{3DAC0A41-B420-4A3C-86DF-B37EF64A8576}.Release|Any CPU.ActiveCfg = Release|Any CPU
		{3DAC0A41-B420-4A3C-86DF-B37EF64A8576}.Release|Any CPU.Build.0 = Release|Any CPU
	EndGlobalSection
	GlobalSection(SolutionProperties) = preSolution
		HideSolutionNode = FALSE
	EndGlobalSection
	GlobalSection(ExtensibilityGlobals) = postSolution
		SolutionGuid = {8F1F7596-9FC8-4736-B83D-D66F46503E26}
	EndGlobalSection
EndGlobal
